
Microsoft Visual Studio Solution File, Format Version 12.00
# Visual Studio 2012
Project("{FAE04EC0-301F-11D3-BF4B-00C04F79EFBC}") = "RealityU", "RealityU\RealityU.csproj", "{ABC3FE2E-F482-4F0A-99A6-6BC62547B34F}"
EndProject
Project("{FAE04EC0-301F-11D3-BF4B-00C04F79EFBC}") = "RealityU.Tests", "RealityU.Tests\RealityU.Tests.csproj", "{192141E2-6839-46DC-A66F-85A666307E3A}"
EndProject
Global
	GlobalSection(SolutionConfigurationPlatforms) = preSolution
		Debug|Any CPU = Debug|Any CPU
		Release|Any CPU = Release|Any CPU
	EndGlobalSection
	GlobalSection(ProjectConfigurationPlatforms) = postSolution
		{ABC3FE2E-F482-4F0A-99A6-6BC62547B34F}.Debug|Any CPU.ActiveCfg = Debug|Any CPU
		{ABC3FE2E-F482-4F0A-99A6-6BC62547B34F}.Debug|Any CPU.Build.0 = Debug|Any CPU
		{ABC3FE2E-F482-4F0A-99A6-6BC62547B34F}.Release|Any CPU.ActiveCfg = Release|Any CPU
		{ABC3FE2E-F482-4F0A-99A6-6BC62547B34F}.Release|Any CPU.Build.0 = Release|Any CPU
		{192141E2-6839-46DC-A66F-85A666307E3A}.Debug|Any CPU.ActiveCfg = Debug|Any CPU
		{192141E2-6839-46DC-A66F-85A666307E3A}.Debug|Any CPU.Build.0 = Debug|Any CPU
		{192141E2-6839-46DC-A66F-85A666307E3A}.Release|Any CPU.ActiveCfg = Release|Any CPU
		{192141E2-6839-46DC-A66F-85A666307E3A}.Release|Any CPU.Build.0 = Release|Any CPU
	EndGlobalSection
	GlobalSection(SolutionProperties) = preSolution
		HideSolutionNode = FALSE
	EndGlobalSection
EndGlobal
